
Microsoft Visual Studio Solution File, Format Version 12.00
# Visual Studio 15
VisualStudioVersion = 15.0.27004.2002
MinimumVisualStudioVersion = 10.0.40219.1
Project("{FAE04EC0-301F-11D3-BF4B-00C04F79EFBC}") = "Volume of a cylinder", "Volume of a cylinder\Volume of a cylinder.csproj", "{63E5EF69-0B2F-44C1-B5C7-8CBE19CA2101}"
EndProject
Global
	GlobalSection(SolutionConfigurationPlatforms) = preSolution
		Debug|Any CPU = Debug|Any CPU
		Release|Any CPU = Release|Any CPU
	EndGlobalSection
	GlobalSection(ProjectConfigurationPlatforms) = postSolution
		{63E5EF69-0B2F-44C1-B5C7-8CBE19CA2101}.Debug|Any CPU.ActiveCfg = Debug|Any CPU
		{63E5EF69-0B2F-44C1-B5C7-8CBE19CA2101}.Debug|Any CPU.Build.0 = Debug|Any CPU
		{63E5EF69-0B2F-44C1-B5C7-8CBE19CA2101}.Release|Any CPU.ActiveCfg = Release|Any CPU
		{63E5EF69-0B2F-44C1-B5C7-8CBE19CA2101}.Release|Any CPU.Build.0 = Release|Any CPU
	EndGlobalSection
	GlobalSection(SolutionProperties) = preSolution
		HideSolutionNode = FALSE
	EndGlobalSection
	GlobalSection(ExtensibilityGlobals) = postSolution
		SolutionGuid = {0B2642B9-DE0B-4309-8089-152F663C5037}
	EndGlobalSection
EndGlobal
